
Microsoft Visual Studio Solution File, Format Version 12.00
# Visual Studio Version 17
VisualStudioVersion = 17.14.36511.14 d17.14
MinimumVisualStudioVersion = 10.0.40219.1
Project("{FAE04EC0-301F-11D3-BF4B-00C04F79EFBC}") = "E-Commerce.Web", "E-Commerce.Web\E-Commerce.Web.csproj", "{38852078-F985-40F6-8AB9-E86F87E8F7FF}"
EndProject
Project("{2150E333-8FDC-42A3-9474-1A3956D46DE8}") = "Core", "Core", "{02EA681E-C7D8-13C7-8484-4AC65E1B71E8}"
EndProject
Project("{FAE04EC0-301F-11D3-BF4B-00C04F79EFBC}") = "DomainLayer", "Core\DomainLayer\DomainLayer.csproj", "{A7393F44-12DE-4E05-B19D-753FCC6BD28F}"
EndProject
Project("{FAE04EC0-301F-11D3-BF4B-00C04F79EFBC}") = "ServiceImplementation", "Core\ServiceImplementation\ServiceImplementation.csproj", "{63F295B7-EBAB-43ED-B91B-3D19B790BC09}"
EndProject
Project("{FAE04EC0-301F-11D3-BF4B-00C04F79EFBC}") = "ServiceAbstraction", "Core\ServiceAbstraction\ServiceAbstraction.csproj", "{1DF01CC5-13C8-493B-8CE2-D8063F49A2C1}"
EndProject
Project("{2150E333-8FDC-42A3-9474-1A3956D46DE8}") = "Infrastructure", "Infrastructure", "{BDD5B63F-4645-4892-B243-59F6C05DB0A0}"
EndProject
Project("{FAE04EC0-301F-11D3-BF4B-00C04F79EFBC}") = "Persistence", "Infrastructure\Persistence\Persistence.csproj", "{CA1AE823-E937-4953-899A-F9D78EAB8B2D}"
EndProject
Project("{FAE04EC0-301F-11D3-BF4B-00C04F79EFBC}") = "Presentation", "Infrastructure\Presentation\Presentation.csproj", "{CCE6DD31-2D97-411B-98F9-58C3EB8F5822}"
EndProject
Project("{FAE04EC0-301F-11D3-BF4B-00C04F79EFBC}") = "Shared", "Shared\Shared.csproj", "{63E3EFA7-5A59-4A2E-8A60-9AE0A8CB033A}"
EndProject
Global
	GlobalSection(SolutionConfigurationPlatforms) = preSolution
		Debug|Any CPU = Debug|Any CPU
		Release|Any CPU = Release|Any CPU
	EndGlobalSection
	GlobalSection(ProjectConfigurationPlatforms) = postSolution
		{38852078-F985-40F6-8AB9-E86F87E8F7FF}.Debug|Any CPU.ActiveCfg = Debug|Any CPU
		{38852078-F985-40F6-8AB9-E86F87E8F7FF}.Debug|Any CPU.Build.0 = Debug|Any CPU
		{38852078-F985-40F6-8AB9-E86F87E8F7FF}.Release|Any CPU.ActiveCfg = Release|Any CPU
		{38852078-F985-40F6-8AB9-E86F87E8F7FF}.Release|Any CPU.Build.0 = Release|Any CPU
		{A7393F44-12DE-4E05-B19D-753FCC6BD28F}.Debug|Any CPU.ActiveCfg = Debug|Any CPU
		{A7393F44-12DE-4E05-B19D-753FCC6BD28F}.Debug|Any CPU.Build.0 = Debug|Any CPU
		{A7393F44-12DE-4E05-B19D-753FCC6BD28F}.Release|Any CPU.ActiveCfg = Release|Any CPU
		{A7393F44-12DE-4E05-B19D-753FCC6BD28F}.Release|Any CPU.Build.0 = Release|Any CPU
		{63F295B7-EBAB-43ED-B91B-3D19B790BC09}.Debug|Any CPU.ActiveCfg = Debug|Any CPU
		{63F295B7-EBAB-43ED-B91B-3D19B790BC09}.Debug|Any CPU.Build.0 = Debug|Any CPU
		{63F295B7-EBAB-43ED-B91B-3D19B790BC09}.Release|Any CPU.ActiveCfg = Release|Any CPU
		{63F295B7-EBAB-43ED-B91B-3D19B790BC09}.Release|Any CPU.Build.0 = Release|Any CPU
		{1DF01CC5-13C8-493B-8CE2-D8063F49A2C1}.Debug|Any CPU.ActiveCfg = Debug|Any CPU
		{1DF01CC5-13C8-493B-8CE2-D8063F49A2C1}.Debug|Any CPU.Build.0 = Debug|Any CPU
		{1DF01CC5-13C8-493B-8CE2-D8063F49A2C1}.Release|Any CPU.ActiveCfg = Release|Any CPU
		{1DF01CC5-13C8-493B-8CE2-D8063F49A2C1}.Release|Any CPU.Build.0 = Release|Any CPU
		{CA1AE823-E937-4953-899A-F9D78EAB8B2D}.Debug|Any CPU.ActiveCfg = Debug|Any CPU
		{CA1AE823-E937-4953-899A-F9D78EAB8B2D}.Debug|Any CPU.Build.0 = Debug|Any CPU
		{CA1AE823-E937-4953-899A-F9D78EAB8B2D}.Release|Any CPU.ActiveCfg = Release|Any CPU
		{CA1AE823-E937-4953-899A-F9D78EAB8B2D}.Release|Any CPU.Build.0 = Release|Any CPU
		{CCE6DD31-2D97-411B-98F9-58C3EB8F5822}.Debug|Any CPU.ActiveCfg = Debug|Any CPU
		{CCE6DD31-2D97-411B-98F9-58C3EB8F5822}.Debug|Any CPU.Build.0 = Debug|Any CPU
		{CCE6DD31-2D97-411B-98F9-58C3EB8F5822}.Release|Any CPU.ActiveCfg = Release|Any CPU
		{CCE6DD31-2D97-411B-98F9-58C3EB8F5822}.Release|Any CPU.Build.0 = Release|Any CPU
		{63E3EFA7-5A59-4A2E-8A60-9AE0A8CB033A}.Debug|Any CPU.ActiveCfg = Debug|Any CPU
		{63E3EFA7-5A59-4A2E-8A60-9AE0A8CB033A}.Debug|Any CPU.Build.0 = Debug|Any CPU
		{63E3EFA7-5A59-4A2E-8A60-9AE0A8CB033A}.Release|Any CPU.ActiveCfg = Release|Any CPU
		{63E3EFA7-5A59-4A2E-8A60-9AE0A8CB033A}.Release|Any CPU.Build.0 = Release|Any CPU
	EndGlobalSection
	GlobalSection(SolutionProperties) = preSolution
		HideSolutionNode = FALSE
	EndGlobalSection
	GlobalSection(NestedProjects) = preSolution
		{A7393F44-12DE-4E05-B19D-753FCC6BD28F} = {02EA681E-C7D8-13C7-8484-4AC65E1B71E8}
		{63F295B7-EBAB-43ED-B91B-3D19B790BC09} = {02EA681E-C7D8-13C7-8484-4AC65E1B71E8}
		{1DF01CC5-13C8-493B-8CE2-D8063F49A2C1} = {02EA681E-C7D8-13C7-8484-4AC65E1B71E8}
		{CA1AE823-E937-4953-899A-F9D78EAB8B2D} = {BDD5B63F-4645-4892-B243-59F6C05DB0A0}
		{CCE6DD31-2D97-411B-98F9-58C3EB8F5822} = {BDD5B63F-4645-4892-B243-59F6C05DB0A0}
	EndGlobalSection
	GlobalSection(ExtensibilityGlobals) = postSolution
		SolutionGuid = {8F77F7DF-B147-4866-9E49-F53FF75EA54F}
	EndGlobalSection
EndGlobal
